
Microsoft Visual Studio Solution File, Format Version 12.00
# Visual Studio Version 16
VisualStudioVersion = 16.0.29911.84
MinimumVisualStudioVersion = 10.0.40219.1
Project("{FAE04EC0-301F-11D3-BF4B-00C04F79EFBC}") = "BaiThucHanhBuoi1", "BaiThucHanhBuoi1\BaiThucHanhBuoi1.csproj", "{A010C797-6990-4200-8678-96DA3016CE30}"
EndProject
Project("{FAE04EC0-301F-11D3-BF4B-00C04F79EFBC}") = "Bai2", "Bai2\Bai2.csproj", "{BA22E028-E693-4997-918F-A0CF4DFC4065}"
EndProject
Global
	GlobalSection(SolutionConfigurationPlatforms) = preSolution
		Debug|Any CPU = Debug|Any CPU
		Release|Any CPU = Release|Any CPU
	EndGlobalSection
	GlobalSection(ProjectConfigurationPlatforms) = postSolution
		{A010C797-6990-4200-8678-96DA3016CE30}.Debug|Any CPU.ActiveCfg = Debug|Any CPU
		{A010C797-6990-4200-8678-96DA3016CE30}.Debug|Any CPU.Build.0 = Debug|Any CPU
		{A010C797-6990-4200-8678-96DA3016CE30}.Release|Any CPU.ActiveCfg = Release|Any CPU
		{A010C797-6990-4200-8678-96DA3016CE30}.Release|Any CPU.Build.0 = Release|Any CPU
		{BA22E028-E693-4997-918F-A0CF4DFC4065}.Debug|Any CPU.ActiveCfg = Debug|Any CPU
		{BA22E028-E693-4997-918F-A0CF4DFC4065}.Debug|Any CPU.Build.0 = Debug|Any CPU
		{BA22E028-E693-4997-918F-A0CF4DFC4065}.Release|Any CPU.ActiveCfg = Release|Any CPU
		{BA22E028-E693-4997-918F-A0CF4DFC4065}.Release|Any CPU.Build.0 = Release|Any CPU
	EndGlobalSection
	GlobalSection(SolutionProperties) = preSolution
		HideSolutionNode = FALSE
	EndGlobalSection
	GlobalSection(ExtensibilityGlobals) = postSolution
		SolutionGuid = {A0AA2777-7E88-4889-B440-5AA54CF5F04A}
	EndGlobalSection
EndGlobal
